
import json

# Aqui vamos criar um mock do package-lock.json simplificado, porque não conseguimos gerar o real npm lockfile aqui.
# Na prática, no ambiente real, seria gerado automaticamente com `npm install`
# Isto é um placeholder representativo que o utilizador pode substituir pelo ficheiro gerado no seu ambiente Node.

package_lock = {
  "name": "sunny_sales_app",
  "version": "1.0.0",
  "lockfileVersion": 2,
  "requires": True,
  "packages": {
    "": {
      "name": "sunny_sales_app",
      "version": "1.0.0",
      "dependencies": {
        "@react-native-async-storage/async-storage": "2.1.2",
        "@react-native-picker/picker": "2.11.0",
        "@react-navigation/native": "^6.1.6",
        "@react-navigation/native-stack": "^6.9.12",
        "axios": "^1.9.0",
        "expo": "53.0.11",
        "expo-file-system": "~18.1.10",
        "expo-image-picker": "~16.1.4",
        "expo-location": "~18.1.5",
        "react-native-svg": "7.0.3",
        "react-native-svg-charts": "5.4.0",
        "i18n-js": "4.2.0",
        "react": "19.0.0",
        "react-native": "0.79.3",
        "react-native-paper": "^5.14.5",
        "react-native-safe-area-context": "5.4.0",
        "react-native-screens": "~4.11.1",
        "react-native-webview": "13.13.5",
        "expo-notifications": "~0.31.3",
        "expo-dev-client": "~5.2.0"
      }
    }
  }
}

# Guardar como ficheiro para o utilizador
path = "/mnt/data/package-lock.json"
with open(path, "w") as f:
    json.dump(package_lock, f, indent=2)

path
